
Microsoft Visual Studio Solution File, Format Version 12.00
# Visual Studio Version 16
VisualStudioVersion = 16.0.33801.447
MinimumVisualStudioVersion = 10.0.40219.1
Project("{FAE04EC0-301F-11D3-BF4B-00C04F79EFBC}") = "ToyRobotPuzzle", "ToyRobotPuzzle\ToyRobotPuzzle.csproj", "{BEAF4AB3-C700-48FB-95D1-6641B0482CC2}"
EndProject
Global
	GlobalSection(SolutionConfigurationPlatforms) = preSolution
		Debug|Any CPU = Debug|Any CPU
		Release|Any CPU = Release|Any CPU
	EndGlobalSection
	GlobalSection(ProjectConfigurationPlatforms) = postSolution
		{BEAF4AB3-C700-48FB-95D1-6641B0482CC2}.Debug|Any CPU.ActiveCfg = Debug|Any CPU
		{BEAF4AB3-C700-48FB-95D1-6641B0482CC2}.Debug|Any CPU.Build.0 = Debug|Any CPU
		{BEAF4AB3-C700-48FB-95D1-6641B0482CC2}.Release|Any CPU.ActiveCfg = Release|Any CPU
		{BEAF4AB3-C700-48FB-95D1-6641B0482CC2}.Release|Any CPU.Build.0 = Release|Any CPU
	EndGlobalSection
	GlobalSection(SolutionProperties) = preSolution
		HideSolutionNode = FALSE
	EndGlobalSection
	GlobalSection(ExtensibilityGlobals) = postSolution
		SolutionGuid = {309FDE34-EF9F-4974-B0E5-5FEA15B244A2}
	EndGlobalSection
EndGlobal
